
Microsoft Visual Studio Solution File, Format Version 12.00
# Visual Studio Version 16
VisualStudioVersion = 16.0.33027.164
MinimumVisualStudioVersion = 10.0.40219.1
Project("{8BC9CEB8-8B4A-11D0-8D11-00A0C91BC942}") = "chap02", "src\chap02\chap02.vcxproj", "{D1EA3CC1-83CB-43FC-B9FD-0308FE106A03}"
EndProject
Global
	GlobalSection(SolutionConfigurationPlatforms) = preSolution
		Debug|x64 = Debug|x64
		Release|x64 = Release|x64
	EndGlobalSection
	GlobalSection(ProjectConfigurationPlatforms) = postSolution
		{D1EA3CC1-83CB-43FC-B9FD-0308FE106A03}.Debug|x64.ActiveCfg = Debug|x64
		{D1EA3CC1-83CB-43FC-B9FD-0308FE106A03}.Debug|x64.Build.0 = Debug|x64
		{D1EA3CC1-83CB-43FC-B9FD-0308FE106A03}.Release|x64.ActiveCfg = Release|x64
		{D1EA3CC1-83CB-43FC-B9FD-0308FE106A03}.Release|x64.Build.0 = Release|x64
	EndGlobalSection
	GlobalSection(SolutionProperties) = preSolution
		HideSolutionNode = FALSE
	EndGlobalSection
	GlobalSection(ExtensibilityGlobals) = postSolution
		SolutionGuid = {28EDECC0-C4EF-44AA-83AC-B25BCDA8B53E}
	EndGlobalSection
EndGlobal
