<?xml version="1.0" encoding="utf-8"?>
<Project ToolsVersion="4.0" xmlns="http://schemas.microsoft.com/developer/msbuild/2003">
  <ItemGroup>
    <Filter Include="ソース ファイル">
      <UniqueIdentifier>{4FC737F1-C7A5-4376-A066-2A32D752A2FF}</UniqueIdentifier>
      <Extensions>cpp;c;cc;cxx;c++;cppm;ixx;def;odl;idl;hpj;bat;asm;asmx</Extensions>
    </Filter>
    <Filter Include="ヘッダー ファイル">
      <UniqueIdentifier>{93995380-89BD-4b04-88EB-625FBE52EBFB}</UniqueIdentifier>
      <Extensions>h;hh;hpp;hxx;h++;hm;inl;inc;ipp;xsd</Extensions>
    </Filter>
    <Filter Include="リソース ファイル">
      <UniqueIdentifier>{67DA6AB6-F800-4c08-8B7A-83BB121AAD01}</UniqueIdentifier>
      <Extensions>rc;ico;cur;bmp;dlg;rc2;rct;bin;rgs;gif;jpg;jpeg;jpe;resx;tiff;tif;png;wav;mfcribbon-ms</Extensions>
    </Filter>
    <Filter Include="Shader files">
      <UniqueIdentifier>{ceee8bba-3fe0-4206-92b5-ddfcfe01f32a}</UniqueIdentifier>
    </Filter>
    <Filter Include="Asserts">
      <UniqueIdentifier>{f27588ad-13f3-4f9e-b302-49350f48341b}</UniqueIdentifier>
    </Filter>
    <Filter Include="Asserts\shaders">
      <UniqueIdentifier>{04c4e6af-b065-429c-bfb0-845b2108a080}</UniqueIdentifier>
    </Filter>
    <Filter Include="ソース ファイル\models">
      <UniqueIdentifier>{9e086149-afc6-4e52-8ba1-e8af826bce53}</UniqueIdentifier>
    </Filter>
  </ItemGroup>
  <ItemGroup>
    <ClCompile Include="main.cpp">
      <Filter>ソース ファイル</Filter>
    </ClCompile>
    <ClCompile Include="winmgr_win.cpp">
      <Filter>ソース ファイル</Filter>
    </ClCompile>
    <ClCompile Include="debug_win.cpp">
      <Filter>ソース ファイル</Filter>
    </ClCompile>
    <ClCompile Include="device_d3d12.cpp">
      <Filter>ソース ファイル</Filter>
    </ClCompile>
    <ClCompile Include="swapchain_d3d12.cpp">
      <Filter>ソース ファイル</Filter>
    </ClCompile>
    <ClCompile Include="render_d3d12.cpp">
      <Filter>ソース ファイル</Filter>
    </ClCompile>
    <ClCompile Include="model_simple_triangle.cpp">
      <Filter>ソース ファイル</Filter>
    </ClCompile>
    <ClCompile Include="dds_loader_if.cpp">
      <Filter>ソース ファイル</Filter>
    </ClCompile>
    <ClCompile Include="util.cpp">
      <Filter>ソース ファイル</Filter>
    </ClCompile>
    <ClCompile Include="miniEngine_if.cpp">
      <Filter>ソース ファイル</Filter>
    </ClCompile>
    <ClCompile Include="toolkit.cpp">
      <Filter>ソース ファイル</Filter>
    </ClCompile>
    <ClCompile Include="setup_models.cpp">
      <Filter>ソース ファイル</Filter>
    </ClCompile>
    <ClCompile Include="imgui_if.cpp">
      <Filter>ソース ファイル</Filter>
    </ClCompile>
    <ClCompile Include="timestamp.cpp">
      <Filter>ソース ファイル</Filter>
    </ClCompile>
    <ClCompile Include="models\model_06_01.cpp">
      <Filter>ソース ファイル\models</Filter>
    </ClCompile>
    <ClCompile Include="models\model_05_04.cpp">
      <Filter>ソース ファイル\models</Filter>
    </ClCompile>
    <ClCompile Include="models\model_05_03.cpp">
      <Filter>ソース ファイル\models</Filter>
    </ClCompile>
    <ClCompile Include="models\model_util.cpp">
      <Filter>ソース ファイル\models</Filter>
    </ClCompile>
    <ClCompile Include="models\model_05_02.cpp">
      <Filter>ソース ファイル\models</Filter>
    </ClCompile>
    <ClCompile Include="models\model_05_01.cpp">
      <Filter>ソース ファイル\models</Filter>
    </ClCompile>
    <ClCompile Include="models\model_04_03.cpp">
      <Filter>ソース ファイル\models</Filter>
    </ClCompile>
    <ClCompile Include="models\model_04_01.cpp">
      <Filter>ソース ファイル\models</Filter>
    </ClCompile>
    <ClCompile Include="models\model_06_02.cpp">
      <Filter>ソース ファイル\models</Filter>
    </ClCompile>
    <ClCompile Include="models\model_06_03.cpp">
      <Filter>ソース ファイル\models</Filter>
    </ClCompile>
    <ClCompile Include="models\model_07_02.cpp">
      <Filter>ソース ファイル\models</Filter>
    </ClCompile>
    <ClCompile Include="models\imodel.cpp">
      <Filter>ソース ファイル\models</Filter>
    </ClCompile>
    <ClCompile Include="models\model_07_03.cpp">
      <Filter>ソース ファイル\models</Filter>
    </ClCompile>
    <ClCompile Include="models\model_10_01.cpp">
      <Filter>ソース ファイル\models</Filter>
    </ClCompile>
    <ClCompile Include="models\model_10_02.cpp">
      <Filter>ソース ファイル\models</Filter>
    </ClCompile>
    <ClCompile Include="models\model_10_03.cpp">
      <Filter>ソース ファイル\models</Filter>
    </ClCompile>
    <ClCompile Include="models\model_10_04.cpp">
      <Filter>ソース ファイル\models</Filter>
    </ClCompile>
    <ClCompile Include="models\model_10_05.cpp">
      <Filter>ソース ファイル\models</Filter>
    </ClCompile>
    <ClCompile Include="models\model_10_06.cpp">
      <Filter>ソース ファイル\models</Filter>
    </ClCompile>
    <ClCompile Include="models\model_10_07.cpp">
      <Filter>ソース ファイル\models</Filter>
    </ClCompile>
    <ClCompile Include="models\model_10_08.cpp">
      <Filter>ソース ファイル\models</Filter>
    </ClCompile>
    <ClCompile Include="models\model_11_01.cpp">
      <Filter>ソース ファイル\models</Filter>
    </ClCompile>
    <ClCompile Include="models\model_11_02.cpp">
      <Filter>ソース ファイル\models</Filter>
    </ClCompile>
    <ClCompile Include="models\model_11_03.cpp">
      <Filter>ソース ファイル\models</Filter>
    </ClCompile>
    <ClCompile Include="models\model_11_04.cpp">
      <Filter>ソース ファイル\models</Filter>
    </ClCompile>
    <ClCompile Include="models\model_11_05.cpp">
      <Filter>ソース ファイル\models</Filter>
    </ClCompile>
    <ClCompile Include="models\model_11_06.cpp">
      <Filter>ソース ファイル\models</Filter>
    </ClCompile>
    <ClCompile Include="models\model_12_01.cpp">
      <Filter>ソース ファイル\models</Filter>
    </ClCompile>
    <ClCompile Include="models\model_12_02.cpp">
      <Filter>ソース ファイル\models</Filter>
    </ClCompile>
  </ItemGroup>
  <ItemGroup>
    <ClInclude Include="winmgr_win.h">
      <Filter>ヘッダー ファイル</Filter>
    </ClInclude>
    <ClInclude Include="debug_win.h">
      <Filter>ヘッダー ファイル</Filter>
    </ClInclude>
    <ClInclude Include="device_d3d12.h">
      <Filter>ヘッダー ファイル</Filter>
    </ClInclude>
    <ClInclude Include="swapchain_d3d12.h">
      <Filter>ヘッダー ファイル</Filter>
    </ClInclude>
    <ClInclude Include="render_d3d12.h">
      <Filter>ヘッダー ファイル</Filter>
    </ClInclude>
    <ClInclude Include="config.h">
      <Filter>ヘッダー ファイル</Filter>
    </ClInclude>
    <ClInclude Include="model_simple_triangle.h">
      <Filter>ヘッダー ファイル</Filter>
    </ClInclude>
    <ClInclude Include="dds_loader_if.h">
      <Filter>ヘッダー ファイル</Filter>
    </ClInclude>
    <ClInclude Include="util.h">
      <Filter>ヘッダー ファイル</Filter>
    </ClInclude>
    <ClInclude Include="miniEngine_if.h">
      <Filter>ヘッダー ファイル</Filter>
    </ClInclude>
    <ClInclude Include="toolkit.h">
      <Filter>ヘッダー ファイル</Filter>
    </ClInclude>
    <ClInclude Include="setup_models.h">
      <Filter>ヘッダー ファイル</Filter>
    </ClInclude>
    <ClInclude Include="imgui_if.h">
      <Filter>ヘッダー ファイル</Filter>
    </ClInclude>
    <ClInclude Include="timestamp.h">
      <Filter>ヘッダー ファイル</Filter>
    </ClInclude>
    <ClInclude Include="models\model_06_01.h">
      <Filter>ソース ファイル\models</Filter>
    </ClInclude>
    <ClInclude Include="models\model_05_04.h">
      <Filter>ソース ファイル\models</Filter>
    </ClInclude>
    <ClInclude Include="models\model_util.h">
      <Filter>ソース ファイル\models</Filter>
    </ClInclude>
    <ClInclude Include="models\model_05_03.h">
      <Filter>ソース ファイル\models</Filter>
    </ClInclude>
    <ClInclude Include="models\model_05_02.h">
      <Filter>ソース ファイル\models</Filter>
    </ClInclude>
    <ClInclude Include="models\model_05_01.h">
      <Filter>ソース ファイル\models</Filter>
    </ClInclude>
    <ClInclude Include="models\model_04_03.h">
      <Filter>ソース ファイル\models</Filter>
    </ClInclude>
    <ClInclude Include="models\model_04_01.h">
      <Filter>ソース ファイル\models</Filter>
    </ClInclude>
    <ClInclude Include="models\model_06_02.h">
      <Filter>ソース ファイル\models</Filter>
    </ClInclude>
    <ClInclude Include="models\model_06_03.h">
      <Filter>ソース ファイル\models</Filter>
    </ClInclude>
    <ClInclude Include="models\model_07_02.h">
      <Filter>ソース ファイル\models</Filter>
    </ClInclude>
    <ClInclude Include="models\imodel.h">
      <Filter>ソース ファイル\models</Filter>
    </ClInclude>
    <ClInclude Include="models\model_07_03.h">
      <Filter>ソース ファイル\models</Filter>
    </ClInclude>
    <ClInclude Include="models\model_10_01.h">
      <Filter>ソース ファイル\models</Filter>
    </ClInclude>
    <ClInclude Include="models\model_10_02.h">
      <Filter>ソース ファイル\models</Filter>
    </ClInclude>
    <ClInclude Include="models\model_10_03.h">
      <Filter>ソース ファイル\models</Filter>
    </ClInclude>
    <ClInclude Include="models\model_10_04.h">
      <Filter>ソース ファイル\models</Filter>
    </ClInclude>
    <ClInclude Include="models\model_10_05.h">
      <Filter>ソース ファイル\models</Filter>
    </ClInclude>
    <ClInclude Include="models\model_10_06.h">
      <Filter>ソース ファイル\models</Filter>
    </ClInclude>
    <ClInclude Include="models\model_10_07.h">
      <Filter>ソース ファイル\models</Filter>
    </ClInclude>
    <ClInclude Include="models\model_10_08.h">
      <Filter>ソース ファイル\models</Filter>
    </ClInclude>
    <ClInclude Include="models\model_11_01.h">
      <Filter>ソース ファイル\models</Filter>
    </ClInclude>
    <ClInclude Include="models\model_11_02.h">
      <Filter>ソース ファイル\models</Filter>
    </ClInclude>
    <ClInclude Include="models\model_11_03.h">
      <Filter>ソース ファイル\models</Filter>
    </ClInclude>
    <ClInclude Include="models\model_11_04.h">
      <Filter>ソース ファイル\models</Filter>
    </ClInclude>
    <ClInclude Include="models\model_11_05.h">
      <Filter>ソース ファイル\models</Filter>
    </ClInclude>
    <ClInclude Include="models\model_11_06.h">
      <Filter>ソース ファイル\models</Filter>
    </ClInclude>
    <ClInclude Include="models\model_12_01.h">
      <Filter>ソース ファイル\models</Filter>
    </ClInclude>
    <ClInclude Include="models\model_12_02.h">
      <Filter>ソース ファイル\models</Filter>
    </ClInclude>
  </ItemGroup>
  <ItemGroup>
    <None Include="simple.hlsl">
      <Filter>Shader files</Filter>
    </None>
    <None Include="..\..\README.md" />
  </ItemGroup>
  <ItemGroup>
    <FxCompile Include="texCopy.hlsl">
      <Filter>Shader files</Filter>
    </FxCompile>
    <FxCompile Include="Assets\shader\sample_04_01.fx">
      <Filter>Asserts\shaders</Filter>
    </FxCompile>
    <FxCompile Include="Assets\shader\sample_04_02.fx">
      <Filter>Asserts\shaders</Filter>
    </FxCompile>
    <FxCompile Include="Assets\shader\sample_05_01.fx">
      <Filter>Asserts\shaders</Filter>
    </FxCompile>
    <FxCompile Include="Assets\shader\sample_05_02.fx">
      <Filter>Asserts\shaders</Filter>
    </FxCompile>
    <FxCompile Include="Assets\shader\sample_05_03.fx">
      <Filter>Asserts\shaders</Filter>
    </FxCompile>
    <FxCompile Include="Assets\shader\sample_05_04.fx">
      <Filter>Asserts\shaders</Filter>
    </FxCompile>
    <FxCompile Include="Assets\shader\sample_06_01.fx">
      <Filter>Asserts\shaders</Filter>
    </FxCompile>
    <FxCompile Include="Assets\shader\sample_06_02.fx">
      <Filter>Asserts\shaders</Filter>
    </FxCompile>
    <FxCompile Include="Assets\shader\sample_06_03.fx">
      <Filter>Asserts\shaders</Filter>
    </FxCompile>
    <FxCompile Include="Assets\shader\sample_07_02.fx">
      <Filter>Asserts\shaders</Filter>
    </FxCompile>
    <FxCompile Include="Assets\shader\sample_07_03.fx">
      <Filter>Asserts\shaders</Filter>
    </FxCompile>
    <FxCompile Include="Assets\shader\sample_10_02_postEffect.fx">
      <Filter>Asserts\shaders</Filter>
    </FxCompile>
    <FxCompile Include="Assets\shader\sample_10_03_postEffect.fx">
      <Filter>Asserts\shaders</Filter>
    </FxCompile>
    <FxCompile Include="Assets\shader\sample_10_04_postEffect.fx">
      <Filter>Asserts\shaders</Filter>
    </FxCompile>
    <FxCompile Include="Assets\shader\sample_10_05_postEffect.fx">
      <Filter>Asserts\shaders</Filter>
    </FxCompile>
    <FxCompile Include="Assets\shader\sample_10_06_postEffect.fx">
      <Filter>Asserts\shaders</Filter>
    </FxCompile>
    <FxCompile Include="Assets\shader\sample_10_07_postEffect.fx">
      <Filter>Asserts\shaders</Filter>
    </FxCompile>
    <FxCompile Include="Assets\shader\sample_10_07_3D.fx">
      <Filter>Asserts\shaders</Filter>
    </FxCompile>
    <FxCompile Include="Assets\shader\sample_10_08.fx">
      <Filter>Asserts\shaders</Filter>
    </FxCompile>
    <FxCompile Include="Assets\shader\sample_11_01_drawShadowMap.fx">
      <Filter>Asserts\shaders</Filter>
    </FxCompile>
    <FxCompile Include="Assets\shader\sample_11_02_shadowReceiver.fx">
      <Filter>Asserts\shaders</Filter>
    </FxCompile>
    <FxCompile Include="Assets\shader\sample_11_03_drawShadowMap.fx">
      <Filter>Asserts\shaders</Filter>
    </FxCompile>
    <FxCompile Include="Assets\shader\sample_11_03_shadowReceiver.fx">
      <Filter>Asserts\shaders</Filter>
    </FxCompile>
    <FxCompile Include="Assets\shader\sample_11_04_shadowReceiver.fx">
      <Filter>Asserts\shaders</Filter>
    </FxCompile>
    <FxCompile Include="Assets\shader\sample_11_05_drawShadowMap.fx">
      <Filter>Asserts\shaders</Filter>
    </FxCompile>
    <FxCompile Include="Assets\shader\sample_11_05_shadowReceiver.fx">
      <Filter>Asserts\shaders</Filter>
    </FxCompile>
    <FxCompile Include="Assets\shader\sample_11_06_shadowReceiver.fx">
      <Filter>Asserts\shaders</Filter>
    </FxCompile>
    <FxCompile Include="Assets\shader\sample_12_01_model.fx">
      <Filter>Asserts\shaders</Filter>
    </FxCompile>
    <FxCompile Include="Assets\shader\sample_12_01_sprite.fx">
      <Filter>Asserts\shaders</Filter>
    </FxCompile>
  </ItemGroup>
</Project>